{
    "version": 3,
    "terraform_version": "0.11.10",
    "serial": 6,
    "lineage": "3c25a943-d6e2-a7c0-79b5-6b0a121cd7d3",
    "modules": [
        {
            "path": [
                "root"
            ],
            "outputs": {},
            "resources": {
                "aws_instance.devdz.0": {
                    "type": "aws_instance",
                    "depends_on": [
                        "aws_security_group.dm_zone"
                    ],
                    "primary": {
                        "id": "i-026290be1bc7370f3",
                        "attributes": {
                            "ami": "ami-0ac019f4fcb7cb7e6",
                            "arn": "arn:aws:ec2:us-east-1:521346301884:instance/i-026290be1bc7370f3",
                            "associate_public_ip_address": "true",
                            "availability_zone": "us-east-1a",
                            "cpu_core_count": "1",
                            "cpu_threads_per_core": "1",
                            "credit_specification.#": "1",
                            "credit_specification.0.cpu_credits": "standard",
                            "disable_api_termination": "false",
                            "ebs_block_device.#": "0",
                            "ebs_optimized": "false",
                            "ephemeral_block_device.#": "0",
                            "get_password_data": "false",
                            "iam_instance_profile": "",
                            "id": "i-026290be1bc7370f3",
                            "instance_state": "running",
                            "instance_type": "t2.micro",
                            "ipv6_addresses.#": "0",
                            "key_name": "mykey",
                            "monitoring": "false",
                            "network_interface.#": "0",
                            "network_interface_id": "eni-0452525cc644b5518",
                            "password_data": "",
                            "placement_group": "",
                            "primary_network_interface_id": "eni-0452525cc644b5518",
                            "private_dns": "ip-172-31-24-195.ec2.internal",
                            "private_ip": "172.31.24.195",
                            "public_dns": "ec2-34-204-72-185.compute-1.amazonaws.com",
                            "public_ip": "34.204.72.185",
                            "root_block_device.#": "1",
                            "root_block_device.0.delete_on_termination": "true",
                            "root_block_device.0.iops": "100",
                            "root_block_device.0.volume_id": "vol-0d11307f1031ec860",
                            "root_block_device.0.volume_size": "8",
                            "root_block_device.0.volume_type": "gp2",
                            "security_groups.#": "1",
                            "security_groups.1830022157": "dm_zone",
                            "source_dest_check": "true",
                            "subnet_id": "subnet-b109a3e8",
                            "tags.%": "1",
                            "tags.Name": "lb-dm.devops.srwx.net",
                            "tenancy": "default",
                            "volume_tags.%": "0",
                            "vpc_security_group_ids.#": "1",
                            "vpc_security_group_ids.560263822": "sg-095c35e42c747ed99"
                        },
                        "meta": {
                            "e2bfb730-ecaa-11e6-8f88-34363bc7c4c0": {
                                "create": 600000000000,
                                "delete": 1200000000000,
                                "update": 600000000000
                            },
                            "schema_version": "1"
                        },
                        "tainted": false
                    },
                    "deposed": [],
                    "provider": "provider.aws"
                },
                "aws_instance.devdz.1": {
                    "type": "aws_instance",
                    "depends_on": [
                        "aws_security_group.dm_zone"
                    ],
                    "primary": {
                        "id": "i-02149dd5aa5cb1ae9",
                        "attributes": {
                            "ami": "ami-0ac019f4fcb7cb7e6",
                            "arn": "arn:aws:ec2:us-east-1:521346301884:instance/i-02149dd5aa5cb1ae9",
                            "associate_public_ip_address": "true",
                            "availability_zone": "us-east-1a",
                            "cpu_core_count": "1",
                            "cpu_threads_per_core": "1",
                            "credit_specification.#": "1",
                            "credit_specification.0.cpu_credits": "standard",
                            "disable_api_termination": "false",
                            "ebs_block_device.#": "0",
                            "ebs_optimized": "false",
                            "ephemeral_block_device.#": "0",
                            "get_password_data": "false",
                            "iam_instance_profile": "",
                            "id": "i-02149dd5aa5cb1ae9",
                            "instance_state": "running",
                            "instance_type": "t2.micro",
                            "ipv6_addresses.#": "0",
                            "key_name": "mykey",
                            "monitoring": "false",
                            "network_interface.#": "0",
                            "network_interface_id": "eni-0733fb53dccb2bdf2",
                            "password_data": "",
                            "placement_group": "",
                            "primary_network_interface_id": "eni-0733fb53dccb2bdf2",
                            "private_dns": "ip-172-31-19-89.ec2.internal",
                            "private_ip": "172.31.19.89",
                            "public_dns": "ec2-54-242-91-127.compute-1.amazonaws.com",
                            "public_ip": "54.242.91.127",
                            "root_block_device.#": "1",
                            "root_block_device.0.delete_on_termination": "true",
                            "root_block_device.0.iops": "100",
                            "root_block_device.0.volume_id": "vol-0a271bdb444c302de",
                            "root_block_device.0.volume_size": "8",
                            "root_block_device.0.volume_type": "gp2",
                            "security_groups.#": "1",
                            "security_groups.1830022157": "dm_zone",
                            "source_dest_check": "true",
                            "subnet_id": "subnet-b109a3e8",
                            "tags.%": "1",
                            "tags.Name": "app-dm.devops.srwx.net",
                            "tenancy": "default",
                            "volume_tags.%": "0",
                            "vpc_security_group_ids.#": "1",
                            "vpc_security_group_ids.560263822": "sg-095c35e42c747ed99"
                        },
                        "meta": {
                            "e2bfb730-ecaa-11e6-8f88-34363bc7c4c0": {
                                "create": 600000000000,
                                "delete": 1200000000000,
                                "update": 600000000000
                            },
                            "schema_version": "1"
                        },
                        "tainted": false
                    },
                    "deposed": [],
                    "provider": "provider.aws"
                },
                "aws_key_pair.mykey": {
                    "type": "aws_key_pair",
                    "depends_on": [],
                    "primary": {
                        "id": "mykey",
                        "attributes": {
                            "fingerprint": "bb:cd:d1:c5:ab:6c:b4:ef:71:83:0f:d6:61:02:8d:86",
                            "id": "mykey",
                            "key_name": "mykey",
                            "public_key": "ssh-rsa AAAAB3NzaC1yc2EAAAADAQABAAABAQDNgaruY4d/9l8Pe5f5uT1943grNmwn4p1DXDq00go3OtIz3qmqh1W7dVSDKovcj3gf2QJGUzcodk5botyhbOViwLoU2U1xfotmsXNz3yS058l1Wk56N1B83Fjs16F7R5gPL05Q5SoJ1AFMO2nkwx4PbxPqJFJm/xne6iFDUDdkvH4SGe98iPJG5XqMbsliSfZBy5lDZX5hcOnXCAm+5Ue8Z43Vwu1zBfPKq9gvEeEaUhc7M63EYWIpzV5B+L2IKlrLzptK/EYhOyz4m5acqnjSoF/4+ezXZOR5bAZuO3mHA22V0TY7dTRQF2/Uc8uIQOepfIVmUgz/ZrMkQ67We6qD energy@kr-073421"
                        },
                        "meta": {
                            "schema_version": "1"
                        },
                        "tainted": false
                    },
                    "deposed": [],
                    "provider": "provider.aws"
                },
                "aws_route53_record.devops_fall_dns.0": {
                    "type": "aws_route53_record",
                    "depends_on": [
                        "aws_instance.devdz.*"
                    ],
                    "primary": {
                        "id": "ZUYOKXBWM9MWO_lb-dm.devops.srwx.net_A",
                        "attributes": {
                            "allow_overwrite": "true",
                            "fqdn": "lb-dm.devops.srwx.net",
                            "health_check_id": "",
                            "id": "ZUYOKXBWM9MWO_lb-dm.devops.srwx.net_A",
                            "name": "lb-dm.devops.srwx.net",
                            "records.#": "1",
                            "records.1288048857": "34.204.72.185",
                            "set_identifier": "",
                            "ttl": "300",
                            "type": "A",
                            "zone_id": "ZUYOKXBWM9MWO"
                        },
                        "meta": {
                            "schema_version": "2"
                        },
                        "tainted": false
                    },
                    "deposed": [],
                    "provider": "provider.aws"
                },
                "aws_route53_record.devops_fall_dns.1": {
                    "type": "aws_route53_record",
                    "depends_on": [
                        "aws_instance.devdz.*"
                    ],
                    "primary": {
                        "id": "ZUYOKXBWM9MWO_app-dm.devops.srwx.net_A",
                        "attributes": {
                            "allow_overwrite": "true",
                            "fqdn": "app-dm.devops.srwx.net",
                            "health_check_id": "",
                            "id": "ZUYOKXBWM9MWO_app-dm.devops.srwx.net_A",
                            "name": "app-dm.devops.srwx.net",
                            "records.#": "1",
                            "records.518718857": "54.242.91.127",
                            "set_identifier": "",
                            "ttl": "300",
                            "type": "A",
                            "zone_id": "ZUYOKXBWM9MWO"
                        },
                        "meta": {
                            "schema_version": "2"
                        },
                        "tainted": false
                    },
                    "deposed": [],
                    "provider": "provider.aws"
                },
                "aws_security_group.dm_zone": {
                    "type": "aws_security_group",
                    "depends_on": [],
                    "primary": {
                        "id": "sg-095c35e42c747ed99",
                        "attributes": {
                            "arn": "arn:aws:ec2:us-east-1:521346301884:security-group/sg-095c35e42c747ed99",
                            "description": "Managed by Terraform",
                            "egress.#": "1",
                            "egress.482069346.cidr_blocks.#": "1",
                            "egress.482069346.cidr_blocks.0": "0.0.0.0/0",
                            "egress.482069346.description": "",
                            "egress.482069346.from_port": "0",
                            "egress.482069346.ipv6_cidr_blocks.#": "0",
                            "egress.482069346.prefix_list_ids.#": "0",
                            "egress.482069346.protocol": "-1",
                            "egress.482069346.security_groups.#": "0",
                            "egress.482069346.self": "false",
                            "egress.482069346.to_port": "0",
                            "id": "sg-095c35e42c747ed99",
                            "ingress.#": "1",
                            "ingress.482069346.cidr_blocks.#": "1",
                            "ingress.482069346.cidr_blocks.0": "0.0.0.0/0",
                            "ingress.482069346.description": "",
                            "ingress.482069346.from_port": "0",
                            "ingress.482069346.ipv6_cidr_blocks.#": "0",
                            "ingress.482069346.prefix_list_ids.#": "0",
                            "ingress.482069346.protocol": "-1",
                            "ingress.482069346.security_groups.#": "0",
                            "ingress.482069346.self": "false",
                            "ingress.482069346.to_port": "0",
                            "name": "dm_zone",
                            "owner_id": "521346301884",
                            "revoke_rules_on_delete": "false",
                            "tags.%": "0",
                            "vpc_id": "vpc-cc9bf5a9"
                        },
                        "meta": {
                            "e2bfb730-ecaa-11e6-8f88-34363bc7c4c0": {
                                "create": 600000000000,
                                "delete": 600000000000
                            },
                            "schema_version": "1"
                        },
                        "tainted": false
                    },
                    "deposed": [],
                    "provider": "provider.aws"
                },
                "aws_security_group_rule.allow_icmp_in": {
                    "type": "aws_security_group_rule",
                    "depends_on": [
                        "aws_security_group.dm_zone"
                    ],
                    "primary": {
                        "id": "sgrule-3299706816",
                        "attributes": {
                            "cidr_blocks.#": "1",
                            "cidr_blocks.0": "0.0.0.0/0",
                            "description": "",
                            "from_port": "-1",
                            "id": "sgrule-3299706816",
                            "ipv6_cidr_blocks.#": "0",
                            "prefix_list_ids.#": "0",
                            "protocol": "-1",
                            "security_group_id": "sg-095c35e42c747ed99",
                            "self": "false",
                            "to_port": "-1",
                            "type": "ingress"
                        },
                        "meta": {
                            "schema_version": "2"
                        },
                        "tainted": false
                    },
                    "deposed": [],
                    "provider": "provider.aws"
                },
                "aws_security_group_rule.allow_icmp_out": {
                    "type": "aws_security_group_rule",
                    "depends_on": [
                        "aws_security_group.dm_zone"
                    ],
                    "primary": {
                        "id": "sgrule-3323653551",
                        "attributes": {
                            "cidr_blocks.#": "1",
                            "cidr_blocks.0": "0.0.0.0/0",
                            "description": "",
                            "from_port": "-1",
                            "id": "sgrule-3323653551",
                            "ipv6_cidr_blocks.#": "0",
                            "prefix_list_ids.#": "0",
                            "protocol": "-1",
                            "security_group_id": "sg-095c35e42c747ed99",
                            "self": "false",
                            "to_port": "-1",
                            "type": "egress"
                        },
                        "meta": {
                            "schema_version": "2"
                        },
                        "tainted": false
                    },
                    "deposed": [],
                    "provider": "provider.aws"
                },
                "local_file.ansible_inventory": {
                    "type": "local_file",
                    "depends_on": [],
                    "primary": {
                        "id": "3f661dad926aae05c8ce38a1d7efec42d97e7d86",
                        "attributes": {
                            "content": "[web]\nlb-dm.devops.srwx.net ansible_ssh_user=ubuntu  letsencrypt_email=denergym@mail.ru  domain_name1=lb-dm.devops.srwx.net domain_name2=app-dm.devops.srwx.net \n[api]\napp-dm.devops.srwx.net ansible_ssh_user=ubuntu",
                            "filename": "inventory/calc",
                            "id": "3f661dad926aae05c8ce38a1d7efec42d97e7d86"
                        },
                        "meta": {},
                        "tainted": false
                    },
                    "deposed": [],
                    "provider": "provider.local"
                },
                "null_resource.deploy": {
                    "type": "null_resource",
                    "depends_on": [],
                    "primary": {
                        "id": "1951693306953245872",
                        "attributes": {
                            "id": "1951693306953245872"
                        },
                        "meta": {},
                        "tainted": true
                    },
                    "deposed": [],
                    "provider": "provider.null"
                },
                "random_string.password.0": {
                    "type": "random_string",
                    "depends_on": [],
                    "primary": {
                        "id": "none",
                        "attributes": {
                            "id": "none",
                            "length": "14",
                            "lower": "true",
                            "min_lower": "0",
                            "min_numeric": "0",
                            "min_special": "0",
                            "min_upper": "0",
                            "number": "true",
                            "result": "6t3JOZk7LtHJXS",
                            "special": "false",
                            "upper": "true"
                        },
                        "meta": {
                            "schema_version": "1"
                        },
                        "tainted": false
                    },
                    "deposed": [],
                    "provider": "provider.random"
                },
                "random_string.password.1": {
                    "type": "random_string",
                    "depends_on": [],
                    "primary": {
                        "id": "none",
                        "attributes": {
                            "id": "none",
                            "length": "14",
                            "lower": "true",
                            "min_lower": "0",
                            "min_numeric": "0",
                            "min_special": "0",
                            "min_upper": "0",
                            "number": "true",
                            "result": "QfgcMeQTkCAJDi",
                            "special": "false",
                            "upper": "true"
                        },
                        "meta": {
                            "schema_version": "1"
                        },
                        "tainted": false
                    },
                    "deposed": [],
                    "provider": "provider.random"
                }
            },
            "depends_on": []
        }
    ]
}
